github.com/google/go-cmp v0.7.0 h1:wk8382ETsv4JYUZwIsn6YpYiWiBsYLSJiTsyBybVuN8=
github.com/google/go-cmp v0.7.0/go.mod h1:pXiqmnSA92OHEEa9HXL2W4E7lf9JzCmGVUdgjX3N/iU=
github.com/google/uuid v1.6.0 h1:NIvaJDMOsjHA8n1jAhLSgzrAzy1Hgr+hNrb57e+94F0=
github.com/google/uuid v1.6.0/go.mod h1:TIyPZe4MgqvfeYDBFedMoGGpEw/LqOeaOT+nhxU+yHo=
github.com/lib/pq v1.11.2 h1:x6gxUeu39V0BHZiugWe8LXZYZ+Utk7hSJGThs8sdzfs=
github.com/lib/pq v1.11.2/go.mod h1:/p+8NSbOcwzAEI7wiMXFlgydTwcgTr3OSKMsD2BitpA=
github.com/saichler/l8bus v0.0.0-20260310141658-6ba8eca75fd3 h1:49fa8GcdiNLZW1rngZCqlYBlTVHZp+T+MVOzRssCdXU=
github.com/saichler/l8bus v0.0.0-20260310141658-6ba8eca75fd3/go.mod h1:ZK1m4Zqy9WhGVZXl5znHTr7+/r19rOytqwBqhH02Ui8=
github.com/saichler/l8events/go v0.0.0-20260312201902-3cb34d216b23 h1:eiBgpU6w3a1ATO60CkXwfc5DsKgVsrWQ7sNafqnSakM=
github.com/saichler/l8events/go v0.0.0-20260312201902-3cb34d216b23/go.mod h1:VTlALCBkv94KyI54e3u+4Q1DwHlkSBuAw2dPBG6FbB4=
github.com/saichler/l8notify/go v0.0.0-20260312124913-ba3ff6478bbc h1:uGtGtFoRK2OuAu0EZPptR/UMvNK2KFij+YyvZZPfRd4=
github.com/saichler/l8notify/go v0.0.0-20260312124913-ba3ff6478bbc/go.mod h1:9Ise7dfsIAf0zaD+B3Obq58hrWIJ5NAycIUIj7TLq54=
github.com/saichler/l8orm v0.0.0-20260228190952-a538542eeb8c h1:RF9LMlwCRnSOLGQ9560dnNJHi9AdgtPHljLUf7eymOw=
github.com/saichler/l8orm v0.0.0-20260228190952-a538542eeb8c/go.mod h1:FYnievTs9ZZ3WE8pjDC1y2Mu+SnNJa7rPY5q1LJbn+A=
github.com/saichler/l8ql v0.0.0-20260228184750-adc402b17e27 h1:NJHKPh770VkQ1yzjd3BBCBLvEisG3zOddVIGujdvOOw=
github.com/saichler/l8ql v0.0.0-20260228184750-adc402b17e27/go.mod h1:boBPUwEYgpyyTcZcqqjDDYgqkjemEO7iR8kdOwkS1S0=
github.com/saichler/l8reflect v0.0.0-20260306101914-2763da1fd8d5 h1:y5TaUfZdbm8VLcxr0wkHNOaJIxnPlTA/DXUmbEco3TU=
github.com/saichler/l8reflect v0.0.0-20260306101914-2763da1fd8d5/go.mod h1:yCkCd5JQKqKG+dr6h0HYDiLvNAB8uLUUOdWApnWUw24=
github.com/saichler/l8services v0.0.0-20260309235524-84b2a4a0288b h1:oWvIEDjOuD3kkv5b9MMFENoyP7ERQ/c2c1auVtuwj+k=
github.com/saichler/l8services v0.0.0-20260309235524-84b2a4a0288b/go.mod h1:9c3fnIfjQmQ4kyk5Nm3+LsrRWOwmbXvIzK2Xmjf8f1c=
github.com/saichler/l8srlz v0.0.0-20251226163123-de32dc54dd4b h1:Hqep80S1do7Zfe0w62xHj5t++Nn1SXz5zBkgWlBSRwE=
github.com/saichler/l8srlz v0.0.0-20251226163123-de32dc54dd4b/go.mod h1:uDYNwF/5JUA39cg47kX8k+Qh5sI5WjfxgrfmCX5zmwo=
github.com/saichler/l8test v0.0.0-20260307095409-07345170933e h1:AbcP4YbR/Lch5/VAbb/UcEgi8d4p+WPiWlYAen6POfM=
github.com/saichler/l8test v0.0.0-20260307095409-07345170933e/go.mod h1:C4B8Zpv0L/Di/qB0lOWHOXF3r3Pz/6Oabu730TthWsc=
github.com/saichler/l8topology/go v0.0.0-20260310141725-f97e4674001c h1:qmJCs+v57k5d1RBWJNBWBPD+B03a0fz9crfeYYm4EHg=
github.com/saichler/l8topology/go v0.0.0-20260310141725-f97e4674001c/go.mod h1:rqUvCRHFI/4R1wHZ0PMlALnNcjJ3eDDSnXUC61EhkfQ=
github.com/saichler/l8types v0.0.0-20260309221622-8910f592ac8d h1:uvUysxZdBZVZVvoPXLJsFiVNORKS5xRzijzCI/d1HLo=
github.com/saichler/l8types v0.0.0-20260309221622-8910f592ac8d/go.mod h1:0+Snl9PYq+caqTu6OBVaw7mQVn0TrRY9OJz+GelHuM4=
github.com/saichler/l8utils v0.0.0-20260308172559-7f416422a625 h1:2zJTrhTLq81fQaJ0MSyVE0BLoleBWiHmel9/Bge6548=
github.com/saichler/l8utils v0.0.0-20260308172559-7f416422a625/go.mod h1:nKdvYAEGLyHfxPg09oR6OfkJ0SniSbPb+Zi6wr/D5LU=
github.com/saichler/l8web v0.0.0-20260307160922-3fca15c079b7 h1:8Fm17Catho5JngM8zBrEJsFbHR3I4v3RzrQqoKWpSQg=
github.com/saichler/l8web v0.0.0-20260307160922-3fca15c079b7/go.mod h1:r2j6dgKs41L+dwaSh3hQ9OJN0RnQP0C8NWxAbAn+c8c=
golang.org/x/sys v0.42.0 h1:omrd2nAlyT5ESRdCLYdm3+fMfNFE/+Rf4bDIQImRJeo=
golang.org/x/sys v0.42.0/go.mod h1:4GL1E5IUh+htKOUEOaiffhrAeqysfVGipDYzABqnCmw=
google.golang.org/protobuf v1.36.11 h1:fV6ZwhNocDyBLK0dj+fg8ektcVegBBuEolpbTQyBNVE=
google.golang.org/protobuf v1.36.11/go.mod h1:HTf+CrKn2C3g5S8VImy6tdcUvCska2kB7j23XfzDpco=
